
Microsoft Visual Studio Solution File, Format Version 12.00
# Visual Studio 15
VisualStudioVersion = 15.0.27130.2036
MinimumVisualStudioVersion = 10.0.40219.1
Project("{9A19103F-16F7-4668-BE54-9A1E7A4F7556}") = "merkleroot", "merkleroot\merkleroot.csproj", "{74621319-9171-4950-A794-D3D5FA0DDFE9}"
EndProject
Project("{FAE04EC0-301F-11D3-BF4B-00C04F79EFBC}") = "TestMerkle", "TestMerkle\TestMerkle.csproj", "{5D7222E1-FF48-4072-A5AA-7FEA08C5F285}"
EndProject
Global
	GlobalSection(SolutionConfigurationPlatforms) = preSolution
		Debug|Any CPU = Debug|Any CPU
		Release|Any CPU = Release|Any CPU
	EndGlobalSection
	GlobalSection(ProjectConfigurationPlatforms) = postSolution
		{74621319-9171-4950-A794-D3D5FA0DDFE9}.Debug|Any CPU.ActiveCfg = Debug|Any CPU
		{74621319-9171-4950-A794-D3D5FA0DDFE9}.Debug|Any CPU.Build.0 = Debug|Any CPU
		{74621319-9171-4950-A794-D3D5FA0DDFE9}.Release|Any CPU.ActiveCfg = Release|Any CPU
		{74621319-9171-4950-A794-D3D5FA0DDFE9}.Release|Any CPU.Build.0 = Release|Any CPU
		{5D7222E1-FF48-4072-A5AA-7FEA08C5F285}.Debug|Any CPU.ActiveCfg = Debug|Any CPU
		{5D7222E1-FF48-4072-A5AA-7FEA08C5F285}.Debug|Any CPU.Build.0 = Debug|Any CPU
		{5D7222E1-FF48-4072-A5AA-7FEA08C5F285}.Release|Any CPU.ActiveCfg = Release|Any CPU
		{5D7222E1-FF48-4072-A5AA-7FEA08C5F285}.Release|Any CPU.Build.0 = Release|Any CPU
	EndGlobalSection
	GlobalSection(SolutionProperties) = preSolution
		HideSolutionNode = FALSE
	EndGlobalSection
	GlobalSection(ExtensibilityGlobals) = postSolution
		SolutionGuid = {77434687-9232-401F-8B9A-B74CC9CD764B}
	EndGlobalSection
EndGlobal
